// !$*UTF8*$!
{
	archiveVersion = 1;
	classes = {
	};
	objectVersion = 56;
	objects = {

/* Begin PBXBuildFile section */
		803541F32BE8866D00113B8B /* apartments_mapApp.swift in Sources */ = {isa = PBXBuildFile; fileRef = 803541F22BE8866D00113B8B /* apartments_mapApp.swift */; };
		803541F52BE8866D00113B8B /* ContentView.swift in Sources */ = {isa = PBXBuildFile; fileRef = 803541F42BE8866D00113B8B /* ContentView.swift */; };
		803541F72BE8867200113B8B /* Assets.xcassets in Resources */ = {isa = PBXBuildFile; fileRef = 803541F62BE8867200113B8B /* Assets.xcassets */; };
		803541FA2BE8867200113B8B /* Preview Assets.xcassets in Resources */ = {isa = PBXBuildFile; fileRef = 803541F92BE8867200113B8B /* Preview Assets.xcassets */; };
		803541FC2BE8867200113B8B /* Persistence.swift in Sources */ = {isa = PBXBuildFile; fileRef = 803541FB2BE8867200113B8B /* Persistence.swift */; };
		803541FF2BE8867200113B8B /* apartments_map.xcdatamodeld in Sources */ = {isa = PBXBuildFile; fileRef = 803541FD2BE8867200113B8B /* apartments_map.xcdatamodeld */; };
		803542092BE8867200113B8B /* apartments_mapTests.swift in Sources */ = {isa = PBXBuildFile; fileRef = 803542082BE8867200113B8B /* apartments_mapTests.swift */; };
		803542132BE8867200113B8B /* apartments_mapUITests.swift in Sources */ = {isa = PBXBuildFile; fileRef = 803542122BE8867200113B8B /* apartments_mapUITests.swift */; };
		803542152BE8867200113B8B /* apartments_mapUITestsLaunchTests.swift in Sources */ = {isa = PBXBuildFile; fileRef = 803542142BE8867200113B8B /* apartments_mapUITestsLaunchTests.swift */; };
		8048367E2BEEFAC000E7471E /* RentalsModel.swift in Sources */ = {isa = PBXBuildFile; fileRef = 8048367D2BEEFAC000E7471E /* RentalsModel.swift */; };
		804836842BF01BC100E7471E /* RootView.swift in Sources */ = {isa = PBXBuildFile; fileRef = 804836832BF01BC100E7471E /* RootView.swift */; };
		804836862BF01C9200E7471E /* ListView.swift in Sources */ = {isa = PBXBuildFile; fileRef = 804836852BF01C9200E7471E /* ListView.swift */; };
		804836882BF01F0B00E7471E /* MapView.swift in Sources */ = {isa = PBXBuildFile; fileRef = 804836872BF01F0B00E7471E /* MapView.swift */; };
		8048368A2BF01F3B00E7471E /* RentalController.swift in Sources */ = {isa = PBXBuildFile; fileRef = 804836892BF01F3B00E7471E /* RentalController.swift */; };
		8048368C2BF0219000E7471E /* RentalApp.swift in Sources */ = {isa = PBXBuildFile; fileRef = 8048368B2BF0219000E7471E /* RentalApp.swift */; };
/* End PBXBuildFile section */

/* Begin PBXContainerItemProxy section */
		803542052BE8867200113B8B /* PBXContainerItemProxy */ = {
			isa = PBXContainerItemProxy;
			containerPortal = 803541E72BE8866D00113B8B /* Project object */;
			proxyType = 1;
			remoteGlobalIDString = 803541EE2BE8866D00113B8B;
			remoteInfo = "apartments-map";
		};
		8035420F2BE8867200113B8B /* PBXContainerItemProxy */ = {
			isa = PBXContainerItemProxy;
			containerPortal = 803541E72BE8866D00113B8B /* Project object */;
			proxyType = 1;
			remoteGlobalIDString = 803541EE2BE8866D00113B8B;
			remoteInfo = "apartments-map";
		};
/* End PBXContainerItemProxy section */

/* Begin PBXFileReference section */
		803541EF2BE8866D00113B8B /* apartments-map.app */ = {isa = PBXFileReference; explicitFileType = wrapper.application; includeInIndex = 0; path = "apartments-map.app"; sourceTree = BUILT_PRODUCTS_DIR; };
		803541F22BE8866D00113B8B /* apartments_mapApp.swift */ = {isa = PBXFileReference; lastKnownFileType = sourcecode.swift; path = apartments_mapApp.swift; sourceTree = "<group>"; };
		803541F42BE8866D00113B8B /* ContentView.swift */ = {isa = PBXFileReference; lastKnownFileType = sourcecode.swift; path = ContentView.swift; sourceTree = "<group>"; };
		803541F62BE8867200113B8B /* Assets.xcassets */ = {isa = PBXFileReference; lastKnownFileType = folder.assetcatalog; path = Assets.xcassets; sourceTree = "<group>"; };
		803541F92BE8867200113B8B /* Preview Assets.xcassets */ = {isa = PBXFileReference; lastKnownFileType = folder.assetcatalog; path = "Preview Assets.xcassets"; sourceTree = "<group>"; };
		803541FB2BE8867200113B8B /* Persistence.swift */ = {isa = PBXFileReference; lastKnownFileType = sourcecode.swift; path = Persistence.swift; sourceTree = "<group>"; };
		803541FE2BE8867200113B8B /* apartments_map.xcdatamodel */ = {isa = PBXFileReference; lastKnownFileType = wrapper.xcdatamodel; path = apartments_map.xcdatamodel; sourceTree = "<group>"; };
		803542042BE8867200113B8B /* apartments-mapTests.xctest */ = {isa = PBXFileReference; explicitFileType = wrapper.cfbundle; includeInIndex = 0; path = "apartments-mapTests.xctest"; sourceTree = BUILT_PRODUCTS_DIR; };
		803542082BE8867200113B8B /* apartments_mapTests.swift */ = {isa = PBXFileReference; lastKnownFileType = sourcecode.swift; path = apartments_mapTests.swift; sourceTree = "<group>"; };
		8035420E2BE8867200113B8B /* apartments-mapUITests.xctest */ = {isa = PBXFileReference; explicitFileType = wrapper.cfbundle; includeInIndex = 0; path = "apartments-mapUITests.xctest"; sourceTree = BUILT_PRODUCTS_DIR; };
		803542122BE8867200113B8B /* apartments_mapUITests.swift */ = {isa = PBXFileReference; lastKnownFileType = sourcecode.swift; path = apartments_mapUITests.swift; sourceTree = "<group>"; };
		803542142BE8867200113B8B /* apartments_mapUITestsLaunchTests.swift */ = {isa = PBXFileReference; lastKnownFileType = sourcecode.swift; path = apartments_mapUITestsLaunchTests.swift; sourceTree = "<group>"; };
		8048367D2BEEFAC000E7471E /* RentalsModel.swift */ = {isa = PBXFileReference; lastKnownFileType = sourcecode.swift; path = RentalsModel.swift; sourceTree = "<group>"; };
		804836832BF01BC100E7471E /* RootView.swift */ = {isa = PBXFileReference; lastKnownFileType = sourcecode.swift; path = RootView.swift; sourceTree = "<group>"; };
		804836852BF01C9200E7471E /* ListView.swift */ = {isa = PBXFileReference; lastKnownFileType = sourcecode.swift; path = ListView.swift; sourceTree = "<group>"; };
		804836872BF01F0B00E7471E /* MapView.swift */ = {isa = PBXFileReference; lastKnownFileType = sourcecode.swift; path = MapView.swift; sourceTree = "<group>"; };
		804836892BF01F3B00E7471E /* RentalController.swift */ = {isa = PBXFileReference; lastKnownFileType = sourcecode.swift; path = RentalController.swift; sourceTree = "<group>"; };
		8048368B2BF0219000E7471E /* RentalApp.swift */ = {isa = PBXFileReference; lastKnownFileType = sourcecode.swift; path = RentalApp.swift; sourceTree = "<group>"; };
/* End PBXFileReference section */

/* Begin PBXFrameworksBuildPhase section */
		803541EC2BE8866D00113B8B /* Frameworks */ = {
			isa = PBXFrameworksBuildPhase;
			buildActionMask = 2147483647;
			files = (
			);
			runOnlyForDeploymentPostprocessing = 0;
		};
		803542012BE8867200113B8B /* Frameworks */ = {
			isa = PBXFrameworksBuildPhase;
			buildActionMask = 2147483647;
			files = (
			);
			runOnlyForDeploymentPostprocessing = 0;
		};
		8035420B2BE8867200113B8B /* Frameworks */ = {
			isa = PBXFrameworksBuildPhase;
			buildActionMask = 2147483647;
			files = (
			);
			runOnlyForDeploymentPostprocessing = 0;
		};
/* End PBXFrameworksBuildPhase section */

/* Begin PBXGroup section */
		803541E62BE8866D00113B8B = {
			isa = PBXGroup;
			children = (
				803541F12BE8866D00113B8B /* apartments-map */,
				803542072BE8867200113B8B /* apartments-mapTests */,
				803542112BE8867200113B8B /* apartments-mapUITests */,
				803541F02BE8866D00113B8B /* Products */,
			);
			sourceTree = "<group>";
		};
		803541F02BE8866D00113B8B /* Products */ = {
			isa = PBXGroup;
			children = (
				803541EF2BE8866D00113B8B /* apartments-map.app */,
				803542042BE8867200113B8B /* apartments-mapTests.xctest */,
				8035420E2BE8867200113B8B /* apartments-mapUITests.xctest */,
			);
			name = Products;
			sourceTree = "<group>";
		};
		803541F12BE8866D00113B8B /* apartments-map */ = {
			isa = PBXGroup;
			children = (
				804836782BEEF59E00E7471E /* Components */,
				803541F22BE8866D00113B8B /* apartments_mapApp.swift */,
				803541F42BE8866D00113B8B /* ContentView.swift */,
				803541F62BE8867200113B8B /* Assets.xcassets */,
				803541FB2BE8867200113B8B /* Persistence.swift */,
				803541FD2BE8867200113B8B /* apartments_map.xcdatamodeld */,
				803541F82BE8867200113B8B /* Preview Content */,
				804836832BF01BC100E7471E /* RootView.swift */,
				804836852BF01C9200E7471E /* ListView.swift */,
				804836872BF01F0B00E7471E /* MapView.swift */,
				804836892BF01F3B00E7471E /* RentalController.swift */,
				8048368B2BF0219000E7471E /* RentalApp.swift */,
			);
			path = "apartments-map";
			sourceTree = "<group>";
		};
		803541F82BE8867200113B8B /* Preview Content */ = {
			isa = PBXGroup;
			children = (
				803541F92BE8867200113B8B /* Preview Assets.xcassets */,
			);
			path = "Preview Content";
			sourceTree = "<group>";
		};
		803542072BE8867200113B8B /* apartments-mapTests */ = {
			isa = PBXGroup;
			children = (
				803542082BE8867200113B8B /* apartments_mapTests.swift */,
			);
			path = "apartments-mapTests";
			sourceTree = "<group>";
		};
		803542112BE8867200113B8B /* apartments-mapUITests */ = {
			isa = PBXGroup;
			children = (
				803542122BE8867200113B8B /* apartments_mapUITests.swift */,
				803542142BE8867200113B8B /* apartments_mapUITestsLaunchTests.swift */,
			);
			path = "apartments-mapUITests";
			sourceTree = "<group>";
		};
		804836782BEEF59E00E7471E /* Components */ = {
			isa = PBXGroup;
			children = (
				804836792BEEF71B00E7471E /* Models */,
			);
			path = Components;
			sourceTree = "<group>";
		};
		804836792BEEF71B00E7471E /* Models */ = {
			isa = PBXGroup;
			children = (
				8048367D2BEEFAC000E7471E /* RentalsModel.swift */,
			);
			path = Models;
			sourceTree = "<group>";
		};
/* End PBXGroup section */

/* Begin PBXNativeTarget section */
		803541EE2BE8866D00113B8B /* apartments-map */ = {
			isa = PBXNativeTarget;
			buildConfigurationList = 803542182BE8867200113B8B /* Build configuration list for PBXNativeTarget "apartments-map" */;
			buildPhases = (
				803541EB2BE8866D00113B8B /* Sources */,
				803541EC2BE8866D00113B8B /* Frameworks */,
				803541ED2BE8866D00113B8B /* Resources */,
			);
			buildRules = (
			);
			dependencies = (
			);
			name = "apartments-map";
			productName = "apartments-map";
			productReference = 803541EF2BE8866D00113B8B /* apartments-map.app */;
			productType = "com.apple.product-type.application";
		};
		803542032BE8867200113B8B /* apartments-mapTests */ = {
			isa = PBXNativeTarget;
			buildConfigurationList = 8035421B2BE8867200113B8B /* Build configuration list for PBXNativeTarget "apartments-mapTests" */;
			buildPhases = (
				803542002BE8867200113B8B /* Sources */,
				803542012BE8867200113B8B /* Frameworks */,
				803542022BE8867200113B8B /* Resources */,
			);
			buildRules = (
			);
			dependencies = (
				803542062BE8867200113B8B /* PBXTargetDependency */,
			);
			name = "apartments-mapTests";
			productName = "apartments-mapTests";
			productReference = 803542042BE8867200113B8B /* apartments-mapTests.xctest */;
			productType = "com.apple.product-type.bundle.unit-test";
		};
		8035420D2BE8867200113B8B /* apartments-mapUITests */ = {
			isa = PBXNativeTarget;
			buildConfigurationList = 8035421E2BE8867200113B8B /* Build configuration list for PBXNativeTarget "apartments-mapUITests" */;
			buildPhases = (
				8035420A2BE8867200113B8B /* Sources */,
				8035420B2BE8867200113B8B /* Frameworks */,
				8035420C2BE8867200113B8B /* Resources */,
			);
			buildRules = (
			);
			dependencies = (
				803542102BE8867200113B8B /* PBXTargetDependency */,
			);
			name = "apartments-mapUITests";
			productName = "apartments-mapUITests";
			productReference = 8035420E2BE8867200113B8B /* apartments-mapUITests.xctest */;
			productType = "com.apple.product-type.bundle.ui-testing";
		};
/* End PBXNativeTarget section */

/* Begin PBXProject section */
		803541E72BE8866D00113B8B /* Project object */ = {
			isa = PBXProject;
			attributes = {
				BuildIndependentTargetsInParallel = 1;
				LastSwiftUpdateCheck = 1530;
				LastUpgradeCheck = 1530;
				TargetAttributes = {
					803541EE2BE8866D00113B8B = {
						CreatedOnToolsVersion = 15.3;
					};
					803542032BE8867200113B8B = {
						CreatedOnToolsVersion = 15.3;
						TestTargetID = 803541EE2BE8866D00113B8B;
					};
					8035420D2BE8867200113B8B = {
						CreatedOnToolsVersion = 15.3;
						TestTargetID = 803541EE2BE8866D00113B8B;
					};
				};
			};
			buildConfigurationList = 803541EA2BE8866D00113B8B /* Build configuration list for PBXProject "apartments-map" */;
			compatibilityVersion = "Xcode 14.0";
			developmentRegion = en;
			hasScannedForEncodings = 0;
			knownRegions = (
				en,
				Base,
			);
			mainGroup = 803541E62BE8866D00113B8B;
			productRefGroup = 803541F02BE8866D00113B8B /* Products */;
			projectDirPath = "";
			projectRoot = "";
			targets = (
				803541EE2BE8866D00113B8B /* apartments-map */,
				803542032BE8867200113B8B /* apartments-mapTests */,
				8035420D2BE8867200113B8B /* apartments-mapUITests */,
			);
		};
/* End PBXProject section */

/* Begin PBXResourcesBuildPhase section */
		803541ED2BE8866D00113B8B /* Resources */ = {
			isa = PBXResourcesBuildPhase;
			buildActionMask = 2147483647;
			files = (
				803541FA2BE8867200113B8B /* Preview Assets.xcassets in Resources */,
				803541F72BE8867200113B8B /* Assets.xcassets in Resources */,
			);
			runOnlyForDeploymentPostprocessing = 0;
		};
		803542022BE8867200113B8B /* Resources */ = {
			isa = PBXResourcesBuildPhase;
			buildActionMask = 2147483647;
			files = (
			);
			runOnlyForDeploymentPostprocessing = 0;
		};
		8035420C2BE8867200113B8B /* Resources */ = {
			isa = PBXResourcesBuildPhase;
			buildActionMask = 2147483647;
			files = (
			);
			runOnlyForDeploymentPostprocessing = 0;
		};
/* End PBXResourcesBuildPhase section */

/* Begin PBXSourcesBuildPhase section */
		803541EB2BE8866D00113B8B /* Sources */ = {
			isa = PBXSourcesBuildPhase;
			buildActionMask = 2147483647;
			files = (
				804836862BF01C9200E7471E /* ListView.swift in Sources */,
				803541FC2BE8867200113B8B /* Persistence.swift in Sources */,
				803541F52BE8866D00113B8B /* ContentView.swift in Sources */,
				8048368A2BF01F3B00E7471E /* RentalController.swift in Sources */,
				8048368C2BF0219000E7471E /* RentalApp.swift in Sources */,
				8048367E2BEEFAC000E7471E /* RentalsModel.swift in Sources */,
				804836842BF01BC100E7471E /* RootView.swift in Sources */,
				803541F32BE8866D00113B8B /* apartments_mapApp.swift in Sources */,
				804836882BF01F0B00E7471E /* MapView.swift in Sources */,
				803541FF2BE8867200113B8B /* apartments_map.xcdatamodeld in Sources */,
			);
			runOnlyForDeploymentPostprocessing = 0;
		};
		803542002BE8867200113B8B /* Sources */ = {
			isa = PBXSourcesBuildPhase;
			buildActionMask = 2147483647;
			files = (
				803542092BE8867200113B8B /* apartments_mapTests.swift in Sources */,
			);
			runOnlyForDeploymentPostprocessing = 0;
		};
		8035420A2BE8867200113B8B /* Sources */ = {
			isa = PBXSourcesBuildPhase;
			buildActionMask = 2147483647;
			files = (
				803542152BE8867200113B8B /* apartments_mapUITestsLaunchTests.swift in Sources */,
				803542132BE8867200113B8B /* apartments_mapUITests.swift in Sources */,
			);
			runOnlyForDeploymentPostprocessing = 0;
		};
/* End PBXSourcesBuildPhase section */

/* Begin PBXTargetDependency section */
		803542062BE8867200113B8B /* PBXTargetDependency */ = {
			isa = PBXTargetDependency;
			target = 803541EE2BE8866D00113B8B /* apartments-map */;
			targetProxy = 803542052BE8867200113B8B /* PBXContainerItemProxy */;
		};
		803542102BE8867200113B8B /* PBXTargetDependency */ = {
			isa = PBXTargetDependency;
			target = 803541EE2BE8866D00113B8B /* apartments-map */;
			targetProxy = 8035420F2BE8867200113B8B /* PBXContainerItemProxy */;
		};
/* End PBXTargetDependency section */

/* Begin XCBuildConfiguration section */
		803542162BE8867200113B8B /* Debug */ = {
			isa = XCBuildConfiguration;
			buildSettings = {
				ALWAYS_SEARCH_USER_PATHS = NO;
				ASSETCATALOG_COMPILER_GENERATE_SWIFT_ASSET_SYMBOL_EXTENSIONS = YES;
				CLANG_ANALYZER_NONNULL = YES;
				CLANG_ANALYZER_NUMBER_OBJECT_CONVERSION = YES_AGGRESSIVE;
				CLANG_CXX_LANGUAGE_STANDARD = "gnu++20";
				CLANG_ENABLE_MODULES = YES;
				CLANG_ENABLE_OBJC_ARC = YES;
				CLANG_ENABLE_OBJC_WEAK = YES;
				CLANG_WARN_BLOCK_CAPTURE_AUTORELEASING = YES;
				CLANG_WARN_BOOL_CONVERSION = YES;
				CLANG_WARN_COMMA = YES;
				CLANG_WARN_CONSTANT_CONVERSION = YES;
				CLANG_WARN_DEPRECATED_OBJC_IMPLEMENTATIONS = YES;
				CLANG_WARN_DIRECT_OBJC_ISA_USAGE = YES_ERROR;
				CLANG_WARN_DOCUMENTATION_COMMENTS = YES;
				CLANG_WARN_EMPTY_BODY = YES;
				CLANG_WARN_ENUM_CONVERSION = YES;
				CLANG_WARN_INFINITE_RECURSION = YES;
				CLANG_WARN_INT_CONVERSION = YES;
				CLANG_WARN_NON_LITERAL_NULL_CONVERSION = YES;
				CLANG_WARN_OBJC_IMPLICIT_RETAIN_SELF = YES;
				CLANG_WARN_OBJC_LITERAL_CONVERSION = YES;
				CLANG_WARN_OBJC_ROOT_CLASS = YES_ERROR;
				CLANG_WARN_QUOTED_INCLUDE_IN_FRAMEWORK_HEADER = YES;
				CLANG_WARN_RANGE_LOOP_ANALYSIS = YES;
				CLANG_WARN_STRICT_PROTOTYPES = YES;
				CLANG_WARN_SUSPICIOUS_MOVE = YES;
				CLANG_WARN_UNGUARDED_AVAILABILITY = YES_AGGRESSIVE;
				CLANG_WARN_UNREACHABLE_CODE = YES;
				CLANG_WARN__DUPLICATE_METHOD_MATCH = YES;
				COPY_PHASE_STRIP = NO;
				DEBUG_INFORMATION_FORMAT = dwarf;
				ENABLE_STRICT_OBJC_MSGSEND = YES;
				ENABLE_TESTABILITY = YES;
				ENABLE_USER_SCRIPT_SANDBOXING = YES;
				GCC_C_LANGUAGE_STANDARD = gnu17;
				GCC_DYNAMIC_NO_PIC = NO;
				GCC_NO_COMMON_BLOCKS = YES;
				GCC_OPTIMIZATION_LEVEL = 0;
				GCC_PREPROCESSOR_DEFINITIONS = (
					"DEBUG=1",
					"$(inherited)",
				);
				GCC_WARN_64_TO_32_BIT_CONVERSION = YES;
				GCC_WARN_ABOUT_RETURN_TYPE = YES_ERROR;
				GCC_WARN_UNDECLARED_SELECTOR = YES;
				GCC_WARN_UNINITIALIZED_AUTOS = YES_AGGRESSIVE;
				GCC_WARN_UNUSED_FUNCTION = YES;
				GCC_WARN_UNUSED_VARIABLE = YES;
				"INFOPLIST_FILE[sdk=iphoneos*]" = "";
				INFOPLIST_KEY_NSCalendarsUsageDescription = "Camera is used for location purposes regarding the map.";
				INFOPLIST_KEY_NSCameraUsageDescription = "";
				INFOPLIST_KEY_NSLocationAlwaysAndWhenInUseUsageDescription = "Location is used for camera purposes in the map.";
				INFOPLIST_KEY_NSLocationAlwaysUsageDescription = "Location is used for camera purposes in the map.";
				INFOPLIST_KEY_NSLocationUsageDescription = "Location is used for the map pertaining to finding apartments in your area.";
				INFOPLIST_KEY_NSLocationWhenInUseUsageDescription = "Location is used for the map pertaining to finding apartments in your area.";
				IPHONEOS_DEPLOYMENT_TARGET = 17.4;
				LOCALIZATION_PREFERS_STRING_CATALOGS = YES;
				MTL_ENABLE_DEBUG_INFO = INCLUDE_SOURCE;
				MTL_FAST_MATH = YES;
				ONLY_ACTIVE_ARCH = YES;
				SDKROOT = iphoneos;
				SWIFT_ACTIVE_COMPILATION_CONDITIONS = "DEBUG $(inherited)";
				SWIFT_OPTIMIZATION_LEVEL = "-Onone";
			};
			name = Debug;
		};
		803542172BE8867200113B8B /* Release */ = {
			isa = XCBuildConfiguration;
			buildSettings = {
				ALWAYS_SEARCH_USER_PATHS = NO;
				ASSETCATALOG_COMPILER_GENERATE_SWIFT_ASSET_SYMBOL_EXTENSIONS = YES;
				CLANG_ANALYZER_NONNULL = YES;
				CLANG_ANALYZER_NUMBER_OBJECT_CONVERSION = YES_AGGRESSIVE;
				CLANG_CXX_LANGUAGE_STANDARD = "gnu++20";
				CLANG_ENABLE_MODULES = YES;
				CLANG_ENABLE_OBJC_ARC = YES;
				CLANG_ENABLE_OBJC_WEAK = YES;
				CLANG_WARN_BLOCK_CAPTURE_AUTORELEASING = YES;
				CLANG_WARN_BOOL_CONVERSION = YES;
				CLANG_WARN_COMMA = YES;
				CLANG_WARN_CONSTANT_CONVERSION = YES;
				CLANG_WARN_DEPRECATED_OBJC_IMPLEMENTATIONS = YES;
				CLANG_WARN_DIRECT_OBJC_ISA_USAGE = YES_ERROR;
				CLANG_WARN_DOCUMENTATION_COMMENTS = YES;
				CLANG_WARN_EMPTY_BODY = YES;
				CLANG_WARN_ENUM_CONVERSION = YES;
				CLANG_WARN_INFINITE_RECURSION = YES;
				CLANG_WARN_INT_CONVERSION = YES;
				CLANG_WARN_NON_LITERAL_NULL_CONVERSION = YES;
				CLANG_WARN_OBJC_IMPLICIT_RETAIN_SELF = YES;
				CLANG_WARN_OBJC_LITERAL_CONVERSION = YES;
				CLANG_WARN_OBJC_ROOT_CLASS = YES_ERROR;
				CLANG_WARN_QUOTED_INCLUDE_IN_FRAMEWORK_HEADER = YES;
				CLANG_WARN_RANGE_LOOP_ANALYSIS = YES;
				CLANG_WARN_STRICT_PROTOTYPES = YES;
				CLANG_WARN_SUSPICIOUS_MOVE = YES;
				CLANG_WARN_UNGUARDED_AVAILABILITY = YES_AGGRESSIVE;
				CLANG_WARN_UNREACHABLE_CODE = YES;
				CLANG_WARN__DUPLICATE_METHOD_MATCH = YES;
				COPY_PHASE_STRIP = NO;
				DEBUG_INFORMATION_FORMAT = "dwarf-with-dsym";
				ENABLE_NS_ASSERTIONS = NO;
				ENABLE_STRICT_OBJC_MSGSEND = YES;
				ENABLE_USER_SCRIPT_SANDBOXING = YES;
				GCC_C_LANGUAGE_STANDARD = gnu17;
				GCC_NO_COMMON_BLOCKS = YES;
				GCC_WARN_64_TO_32_BIT_CONVERSION = YES;
				GCC_WARN_ABOUT_RETURN_TYPE = YES_ERROR;
				GCC_WARN_UNDECLARED_SELECTOR = YES;
				GCC_WARN_UNINITIALIZED_AUTOS = YES_AGGRESSIVE;
				GCC_WARN_UNUSED_FUNCTION = YES;
				GCC_WARN_UNUSED_VARIABLE = YES;
				INFOPLIST_KEY_NSCalendarsUsageDescription = "Camera is used for location purposes regarding the map.";
				INFOPLIST_KEY_NSCameraUsageDescription = "";
				INFOPLIST_KEY_NSLocationAlwaysAndWhenInUseUsageDescription = "Location is used for camera purposes in the map.";
				INFOPLIST_KEY_NSLocationAlwaysUsageDescription = "Location is used for camera purposes in the map.";
				INFOPLIST_KEY_NSLocationUsageDescription = "Location is used for the map pertaining to finding apartments in your area.";
				INFOPLIST_KEY_NSLocationWhenInUseUsageDescription = "Location is used for the map pertaining to finding apartments in your area.";
				IPHONEOS_DEPLOYMENT_TARGET = 17.4;
				LOCALIZATION_PREFERS_STRING_CATALOGS = YES;
				MTL_ENABLE_DEBUG_INFO = NO;
				MTL_FAST_MATH = YES;
				SDKROOT = iphoneos;
				SWIFT_COMPILATION_MODE = wholemodule;
				VALIDATE_PRODUCT = YES;
			};
			name = Release;
		};
		803542192BE8867200113B8B /* Debug */ = {
			isa = XCBuildConfiguration;
			buildSettings = {
				ASSETCATALOG_COMPILER_APPICON_NAME = AppIcon;
				ASSETCATALOG_COMPILER_GLOBAL_ACCENT_COLOR_NAME = AccentColor;
				CODE_SIGN_STYLE = Automatic;
				CURRENT_PROJECT_VERSION = 1;
				DEVELOPMENT_ASSET_PATHS = "\"apartments-map/Preview Content\"";
				DEVELOPMENT_TEAM = 8SG7WSW75F;
				ENABLE_PREVIEWS = YES;
				GENERATE_INFOPLIST_FILE = YES;
				INFOPLIST_KEY_NSCalendarsUsageDescription = "Camera is used for location purposes regarding the map.";
				INFOPLIST_KEY_NSLocationAlwaysAndWhenInUseUsageDescription = "Location is used for camera purposes in the map.";
				INFOPLIST_KEY_NSLocationAlwaysUsageDescription = "Location is used for camera purposes in the map.";
				INFOPLIST_KEY_NSLocationUsageDescription = "Location is used for the map pertaining to finding apartments in your area.";
				INFOPLIST_KEY_NSLocationWhenInUseUsageDescription = "Location is used for the map pertaining to finding apartments in your area.";
				INFOPLIST_KEY_UIApplicationSceneManifest_Generation = YES;
				INFOPLIST_KEY_UIApplicationSupportsIndirectInputEvents = YES;
				INFOPLIST_KEY_UILaunchScreen_Generation = YES;
				INFOPLIST_KEY_UISupportedInterfaceOrientations_iPad = "UIInterfaceOrientationPortrait UIInterfaceOrientationPortraitUpsideDown UIInterfaceOrientationLandscapeLeft UIInterfaceOrientationLandscapeRight";
				INFOPLIST_KEY_UISupportedInterfaceOrientations_iPhone = "UIInterfaceOrientationPortrait UIInterfaceOrientationLandscapeLeft UIInterfaceOrientationLandscapeRight";
				LD_RUNPATH_SEARCH_PATHS = (
					"$(inherited)",
					"@executable_path/Frameworks",
				);
				MARKETING_VERSION = 1.0;
				NEW_SETTING = "";
				PRODUCT_BUNDLE_IDENTIFIER = "lukasasz.apartments-map";
				PRODUCT_NAME = "$(TARGET_NAME)";
				SWIFT_EMIT_LOC_STRINGS = YES;
				SWIFT_VERSION = 5.0;
				TARGETED_DEVICE_FAMILY = "1,2";
			};
			name = Debug;
		};
		8035421A2BE8867200113B8B /* Release */ = {
			isa = XCBuildConfiguration;
			buildSettings = {
				ASSETCATALOG_COMPILER_APPICON_NAME = AppIcon;
				ASSETCATALOG_COMPILER_GLOBAL_ACCENT_COLOR_NAME = AccentColor;
				CODE_SIGN_STYLE = Automatic;
				CURRENT_PROJECT_VERSION = 1;
				DEVELOPMENT_ASSET_PATHS = "\"apartments-map/Preview Content\"";
				DEVELOPMENT_TEAM = 8SG7WSW75F;
				ENABLE_PREVIEWS = YES;
				GENERATE_INFOPLIST_FILE = YES;
				INFOPLIST_KEY_NSCalendarsUsageDescription = "Camera is used for location purposes regarding the map.";
				INFOPLIST_KEY_NSLocationAlwaysAndWhenInUseUsageDescription = "Location is used for camera purposes in the map.";
				INFOPLIST_KEY_NSLocationAlwaysUsageDescription = "Location is used for camera purposes in the map.";
				INFOPLIST_KEY_NSLocationUsageDescription = "Location is used for the map pertaining to finding apartments in your area.";
				INFOPLIST_KEY_NSLocationWhenInUseUsageDescription = "Location is used for the map pertaining to finding apartments in your area.";
				INFOPLIST_KEY_UIApplicationSceneManifest_Generation = YES;
				INFOPLIST_KEY_UIApplicationSupportsIndirectInputEvents = YES;
				INFOPLIST_KEY_UILaunchScreen_Generation = YES;
				INFOPLIST_KEY_UISupportedInterfaceOrientations_iPad = "UIInterfaceOrientationPortrait UIInterfaceOrientationPortraitUpsideDown UIInterfaceOrientationLandscapeLeft UIInterfaceOrientationLandscapeRight";
				INFOPLIST_KEY_UISupportedInterfaceOrientations_iPhone = "UIInterfaceOrientationPortrait UIInterfaceOrientationLandscapeLeft UIInterfaceOrientationLandscapeRight";
				LD_RUNPATH_SEARCH_PATHS = (
					"$(inherited)",
					"@executable_path/Frameworks",
				);
				MARKETING_VERSION = 1.0;
				NEW_SETTING = "";
				PRODUCT_BUNDLE_IDENTIFIER = "lukasasz.apartments-map";
				PRODUCT_NAME = "$(TARGET_NAME)";
				SWIFT_EMIT_LOC_STRINGS = YES;
				SWIFT_VERSION = 5.0;
				TARGETED_DEVICE_FAMILY = "1,2";
			};
			name = Release;
		};
		8035421C2BE8867200113B8B /* Debug */ = {
			isa = XCBuildConfiguration;
			buildSettings = {
				ALWAYS_EMBED_SWIFT_STANDARD_LIBRARIES = YES;
				BUNDLE_LOADER = "$(TEST_HOST)";
				CODE_SIGN_STYLE = Automatic;
				CURRENT_PROJECT_VERSION = 1;
				DEVELOPMENT_TEAM = 8SG7WSW75F;
				GENERATE_INFOPLIST_FILE = YES;
				IPHONEOS_DEPLOYMENT_TARGET = 17.4;
				MARKETING_VERSION = 1.0;
				PRODUCT_BUNDLE_IDENTIFIER = "lukasasz.apartments-mapTests";
				PRODUCT_NAME = "$(TARGET_NAME)";
				SWIFT_EMIT_LOC_STRINGS = NO;
				SWIFT_VERSION = 5.0;
				TARGETED_DEVICE_FAMILY = "1,2";
				TEST_HOST = "$(BUILT_PRODUCTS_DIR)/apartments-map.app/$(BUNDLE_EXECUTABLE_FOLDER_PATH)/apartments-map";
			};
			name = Debug;
		};
		8035421D2BE8867200113B8B /* Release */ = {
			isa = XCBuildConfiguration;
			buildSettings = {
				ALWAYS_EMBED_SWIFT_STANDARD_LIBRARIES = YES;
				BUNDLE_LOADER = "$(TEST_HOST)";
				CODE_SIGN_STYLE = Automatic;
				CURRENT_PROJECT_VERSION = 1;
				DEVELOPMENT_TEAM = 8SG7WSW75F;
				GENERATE_INFOPLIST_FILE = YES;
				IPHONEOS_DEPLOYMENT_TARGET = 17.4;
				MARKETING_VERSION = 1.0;
				PRODUCT_BUNDLE_IDENTIFIER = "lukasasz.apartments-mapTests";
				PRODUCT_NAME = "$(TARGET_NAME)";
				SWIFT_EMIT_LOC_STRINGS = NO;
				SWIFT_VERSION = 5.0;
				TARGETED_DEVICE_FAMILY = "1,2";
				TEST_HOST = "$(BUILT_PRODUCTS_DIR)/apartments-map.app/$(BUNDLE_EXECUTABLE_FOLDER_PATH)/apartments-map";
			};
			name = Release;
		};
		8035421F2BE8867200113B8B /* Debug */ = {
			isa = XCBuildConfiguration;
			buildSettings = {
				ALWAYS_EMBED_SWIFT_STANDARD_LIBRARIES = YES;
				CODE_SIGN_STYLE = Automatic;
				CURRENT_PROJECT_VERSION = 1;
				DEVELOPMENT_TEAM = 8SG7WSW75F;
				GENERATE_INFOPLIST_FILE = YES;
				MARKETING_VERSION = 1.0;
				PRODUCT_BUNDLE_IDENTIFIER = "lukasasz.apartments-mapUITests";
				PRODUCT_NAME = "$(TARGET_NAME)";
				SWIFT_EMIT_LOC_STRINGS = NO;
				SWIFT_VERSION = 5.0;
				TARGETED_DEVICE_FAMILY = "1,2";
				TEST_TARGET_NAME = "apartments-map";
			};
			name = Debug;
		};
		803542202BE8867200113B8B /* Release */ = {
			isa = XCBuildConfiguration;
			buildSettings = {
				ALWAYS_EMBED_SWIFT_STANDARD_LIBRARIES = YES;
				CODE_SIGN_STYLE = Automatic;
				CURRENT_PROJECT_VERSION = 1;
				DEVELOPMENT_TEAM = 8SG7WSW75F;
				GENERATE_INFOPLIST_FILE = YES;
				MARKETING_VERSION = 1.0;
				PRODUCT_BUNDLE_IDENTIFIER = "lukasasz.apartments-mapUITests";
				PRODUCT_NAME = "$(TARGET_NAME)";
				SWIFT_EMIT_LOC_STRINGS = NO;
				SWIFT_VERSION = 5.0;
				TARGETED_DEVICE_FAMILY = "1,2";
				TEST_TARGET_NAME = "apartments-map";
			};
			name = Release;
		};
/* End XCBuildConfiguration section */

/* Begin XCConfigurationList section */
		803541EA2BE8866D00113B8B /* Build configuration list for PBXProject "apartments-map" */ = {
			isa = XCConfigurationList;
			buildConfigurations = (
				803542162BE8867200113B8B /* Debug */,
				803542172BE8867200113B8B /* Release */,
			);
			defaultConfigurationIsVisible = 0;
			defaultConfigurationName = Release;
		};
		803542182BE8867200113B8B /* Build configuration list for PBXNativeTarget "apartments-map" */ = {
			isa = XCConfigurationList;
			buildConfigurations = (
				803542192BE8867200113B8B /* Debug */,
				8035421A2BE8867200113B8B /* Release */,
			);
			defaultConfigurationIsVisible = 0;
			defaultConfigurationName = Release;
		};
		8035421B2BE8867200113B8B /* Build configuration list for PBXNativeTarget "apartments-mapTests" */ = {
			isa = XCConfigurationList;
			buildConfigurations = (
				8035421C2BE8867200113B8B /* Debug */,
				8035421D2BE8867200113B8B /* Release */,
			);
			defaultConfigurationIsVisible = 0;
			defaultConfigurationName = Release;
		};
		8035421E2BE8867200113B8B /* Build configuration list for PBXNativeTarget "apartments-mapUITests" */ = {
			isa = XCConfigurationList;
			buildConfigurations = (
				8035421F2BE8867200113B8B /* Debug */,
				803542202BE8867200113B8B /* Release */,
			);
			defaultConfigurationIsVisible = 0;
			defaultConfigurationName = Release;
		};
/* End XCConfigurationList section */

/* Begin XCVersionGroup section */
		803541FD2BE8867200113B8B /* apartments_map.xcdatamodeld */ = {
			isa = XCVersionGroup;
			children = (
				803541FE2BE8867200113B8B /* apartments_map.xcdatamodel */,
			);
			currentVersion = 803541FE2BE8867200113B8B /* apartments_map.xcdatamodel */;
			path = apartments_map.xcdatamodeld;
			sourceTree = "<group>";
			versionGroupType = wrapper.xcdatamodel;
		};
/* End XCVersionGroup section */
	};
	rootObject = 803541E72BE8866D00113B8B /* Project object */;
}
